<Solution>
  <Folder Name="/benchmark/" />
  <Folder Name="/Solution Items/">
    <File Path="assets/scripts/create-module.ps1" />
    <File Path="ReadMe.md" />
  </Folder>
  <Folder Name="/src/">
    <Project Path="src/Analyzers/Faster.Modulith.Analyzers.csproj" />
    <Project Path="src/Contracts/Faster.Modulith.Contracts.csproj" />
  </Folder>
  <Folder Name="/tests/" />
</Solution>