<Solution>
  <Folder Name="/src/" />
  <Folder Name="/src/Modules/" />
  <Folder Name="/src/Modules/Kitchen/">
    <Project Path="src/modules/Module.Kitchen/Module.Kitchen.Api/Module.Kitchen.Api.csproj" />
    <Project Path="src/modules/Module.Kitchen/Module.Kitchen/Module.Kitchen.csproj" />
  </Folder>
  <Folder Name="/src/Modules/Ordering/">
    <Project Path="src/Modules/Module.Ordering/Module.Ordering.Api/Module.Ordering.Api.csproj" />
    <Project Path="src/Modules/Module.Ordering/Module.Ordering/Module.Ordering.csproj" />
  </Folder>
  <Folder Name="/src/Modules/Robotics/">
    <Project Path="src/modules/Module.Robotics/Module.Robotics.Api/Module.Robotics.Api.csproj" />
    <Project Path="src/modules/Module.Robotics/Module.Robotics/Module.Robotics.csproj" />
  </Folder>
  <Folder Name="/src/Root/" />
  <Folder Name="/src/Shared/" />
  <Folder Name="/tests/">
    <Project Path="tests/Module.Kitchen.Tests/Module.Kitchen.Tests.csproj" />
    <Project Path="tests/Module.Ordering.Tests/Module.Ordering.Tests.csproj" />
    <Project Path="tests/Module.Robotics.Tests/Module.Robotics.Tests.csproj" />
  </Folder>
</Solution>
